{
    "_meta": {
        "hash": {
            "sha256": "22dfc6dd68309abb48e65ca02610ecfbb0f3c9dd1fc4a201312f46507ca53bf0"
        },
        "pipfile-spec": 6,
        "requires": {
            "python_version": "3.8"
        },
        "sources": [
            {
                "name": "pypi",
                "url": "https://pypi.org/simple",
                "verify_ssl": true
            }
        ]
    },
    "default": {
        "neuron": {
            "hashes": [
                "sha256:25e03f60f6e6105412f7df097460cc74e487b9cb78533112ee33d2c04ba47e3e",
                "sha256:2ad3d410cc5c3396af8c99848e8810edddd31f26caf8a3deeb7d615f54f1d7af",
                "sha256:2e7ccaf42a18410c1c63005bdfb992a267f81d556f3c024fd04baf46f8989e4a",
                "sha256:326028d8fc08303467b38712de86b4c20675fd39422befbb793a5abcd9a135ae",
                "sha256:523ab86ead0356fbb80f0e997a5d6900e437f17426c91761be8573cda7b01f2f",
                "sha256:5f77839baeec48ff9858ee05c9dac4637c7df9dab91042f67f7795ddbc65e9d8",
                "sha256:692c40faee139b43936481b30cedf769502b95fdc3ea8570b41afb12428da4ea",
                "sha256:6fd9e8baa84a75d12442a5d6182b98307cf5d28cb69d9e864cef812fcf04ec6f",
                "sha256:7824ad53b8dc24fabf71ac851173e9daa393762e8672630091d4f6144b1d9886",
                "sha256:8a27c8e73efef1b1330f6fb1029e58de0b79e0efbde130caadccb00829ef0d94",
                "sha256:8e408b0a6e40057533d0739ed0ef36dac9524422386b2c14d71d7081251d70f4",
                "sha256:a363235daa1de5dd380cc731081a400f074e057911dff8a72c2c737f8145af67",
                "sha256:a974dbd10508bd91d1b8a83c8806e7133f93ee224e7daa775eab1fdffedd4728",
                "sha256:ab17b8e96b043e137352ad40e2b2d1e216d7ec276d5affecd25777abb6f76c0b",
                "sha256:b094ef4f0009ebc10463145565bd6e14df9f35223d7202eb73ef8c8778dcbe90",
                "sha256:d3e15e03f8903179079120d6d00f42963e6c524cb846b4969343e225fa84727b",
                "sha256:dc9f7cffff020e47eae98a0663c964bc295128d07f182372b9660939c943e8c7",
                "sha256:f771654ce1b7312225fb62b0cc02fd5fd7603a0fb03ed0aab2762929d3478e8a",
                "sha256:f9e581eae1e134b15e1d1d18390489b02c4a4925c6b45662e080f23513c15be5"
            ],
            "index": "pypi",
            "version": "==8.2.2"
        },
        "numpy": {
            "hashes": [
                "sha256:0ec87a7084caa559c36e0a2309e4ecb1baa03b687201d0a847c8b0ed476a7187",
                "sha256:1a7d6acc2e7524c9955e5c903160aa4ea083736fde7e91276b0e5d98e6332812",
                "sha256:202de8f38fc4a45a3eea4b63e2f376e5f2dc64ef0fa692838e31a808520efaf7",
                "sha256:210461d87fb02a84ef243cac5e814aad2b7f4be953b32cb53327bb49fd77fbb4",
                "sha256:2d926b52ba1367f9acb76b0df6ed21f0b16a1ad87c6720a1121674e5cf63e2b6",
                "sha256:352ee00c7f8387b44d19f4cada524586f07379c0d49270f87233983bc5087ca0",
                "sha256:35400e6a8d102fd07c71ed7dcadd9eb62ee9a6e84ec159bd48c28235bbb0f8e4",
                "sha256:3c1104d3c036fb81ab923f507536daedc718d0ad5a8707c6061cdfd6d184e570",
                "sha256:4719d5aefb5189f50887773699eaf94e7d1e02bf36c1a9d353d9f46703758ca4",
                "sha256:4749e053a29364d3452c034827102ee100986903263e89884922ef01a0a6fd2f",
                "sha256:5342cf6aad47943286afa6f1609cad9b4266a05e7f2ec408e2cf7aea7ff69d80",
                "sha256:56e48aec79ae238f6e4395886b5eaed058abb7231fb3361ddd7bfdf4eed54289",
                "sha256:76e3f4e85fc5d4fd311f6e9b794d0c00e7002ec122be271f2019d63376f1d385",
                "sha256:7776ea65423ca6a15255ba1872d82d207bd1e09f6d0894ee4a64678dd2204078",
                "sha256:784c6da1a07818491b0ffd63c6bbe5a33deaa0e25a20e1b3ea20cf0e43f8046c",
                "sha256:8535303847b89aa6b0f00aa1dc62867b5a32923e4d1681a35b5eef2d9591a463",
                "sha256:9a7721ec204d3a237225db3e194c25268faf92e19338a35f3a224469cb6039a3",
                "sha256:a1d3c026f57ceaad42f8231305d4653d5f05dc6332a730ae5c0bea3513de0950",
                "sha256:ab344f1bf21f140adab8e47fdbc7c35a477dc01408791f8ba00d018dd0bc5155",
                "sha256:ab5f23af8c16022663a652d3b25dcdc272ac3f83c3af4c02eb8b824e6b3ab9d7",
                "sha256:ae8d0be48d1b6ed82588934aaaa179875e7dc4f3d84da18d7eae6eb3f06c242c",
                "sha256:c91c4afd8abc3908e00a44b2672718905b8611503f7ff87390cc0ac3423fb096",
                "sha256:d5036197ecae68d7f491fcdb4df90082b0d4960ca6599ba2659957aafced7c17",
                "sha256:d6cc757de514c00b24ae8cf5c876af2a7c3df189028d68c0cb4eaa9cd5afc2bf",
                "sha256:d933fabd8f6a319e8530d0de4fcc2e6a61917e0b0c271fded460032db42a0fe4",
                "sha256:ea8282b9bcfe2b5e7d491d0bf7f3e2da29700cec05b49e64d6246923329f2b02",
                "sha256:ecde0f8adef7dfdec993fd54b0f78183051b6580f606111a6d789cd14c61ea0c",
                "sha256:f21c442fdd2805e91799fbe044a7b999b8571bb0ab0f7850d0cb9641a687092b"
            ],
            "markers": "python_version >= '3.8'",
            "version": "==1.24.3"
        },
        "tk": {
            "hashes": [
                "sha256:60bc8923d5d35f67f5c6bd93d4f0c49d2048114ec077768f959aef36d4ed97f8",
                "sha256:703a69ff0d5ba2bd2f7440582ad10160e4a6561595d33457dc6caa79b9bf4930"
            ],
            "index": "pypi",
            "version": "==0.1.0"
        }
    },
    "develop": {}
}
